PODS:
  - Alamofire (4.7.0)
  - Charts (3.0.5):
    - Charts/Core (= 3.0.5)
  - Charts/Core (3.0.5)
  - Disk (0.3.3)
  - IQKeyboardManagerSwift (5.0.7)
  - ObjectMapper (3.1.0)
  - SwiftyJSON (4.0.0)

DEPENDENCIES:
  - Alamofire
  - Charts
  - Disk
  - IQKeyboardManagerSwift
  - ObjectMapper
  - SwiftyJSON

SPEC CHECKSUMS:
  Alamofire: 907e0a98eb68cdb7f9d1f541a563d6ac5dc77b25
  Charts: 45cdc985b764c838b35ee47eb1365d15735f6d1a
  Disk: d1f55cd61f6ca20f368232d0c6e37e3c3dfcb63e
  IQKeyboardManagerSwift: 30fb3a61de1af53a95e02b80fb54ed0a19d5ede5
  ObjectMapper: 20505058f54e5c3ca69e1d6de9897d152a5369a6
  SwiftyJSON: 070dabdcb1beb81b247c65ffa3a79dbbfb3b48aa

PODFILE CHECKSUM: f03fd3d92dd5c18ec5d80dbce5860cd36496276e

COCOAPODS: 1.4.0
